
Microsoft Visual Studio Solution File, Format Version 12.00
# Visual Studio 15
VisualStudioVersion = 15.0.27428.2015
MinimumVisualStudioVersion = 10.0.40219.1
Project("{FAE04EC0-301F-11D3-BF4B-00C04F79EFBC}") = "Gw2 Launchbuddy", "Gw2 Launchbuddy\Gw2 Launchbuddy.csproj", "{DA3CD129-9A83-4254-AC82-274EDF63CB1A}"
	ProjectSection(ProjectDependencies) = postProject
		{5859DE14-9C64-4EF6-A16F-16DB8D6724CD} = {5859DE14-9C64-4EF6-A16F-16DB8D6724CD}
	EndProjectSection
EndProject
Project("{FAE04EC0-301F-11D3-BF4B-00C04F79EFBC}") = "Update Helper", "Update Helper\Update Helper.csproj", "{5859DE14-9C64-4EF6-A16F-16DB8D6724CD}"
EndProject
Project("{2150E333-8FDC-42A3-9474-1A3956D46DE8}") = "Solution Items", "Solution Items", "{32978191-907B-4139-92FD-A7ADA1B15256}"
EndProject
Project("{2150E333-8FDC-42A3-9474-1A3956D46DE8}") = "BuildProcess", "BuildProcess", "{AA506F83-ED5F-4492-BCBD-43852ABE445C}"
	ProjectSection(SolutionItems) = preProject
		BuildProcess\VirusTotal.ps1 = BuildProcess\VirusTotal.ps1
	EndProjectSection
EndProject
Project("{FAE04EC0-301F-11D3-BF4B-00C04F79EFBC}") = "PluginContracts", "PluginContracts\PluginContracts.csproj", "{521929DC-7CAD-4CEE-BC99-F3A41E5E397C}"
EndProject
Project("{FAE04EC0-301F-11D3-BF4B-00C04F79EFBC}") = "LBPlugin", "Plugins\LBPlugin\LBPlugin.csproj", "{276061EF-202D-4750-B7BF-52EA5FA55ED9}"
EndProject
Project("{2150E333-8FDC-42A3-9474-1A3956D46DE8}") = "Plugins", "Plugins", "{07186744-D472-4281-AE56-EA3E50616FC6}"
EndProject
Project("{FAE04EC0-301F-11D3-BF4B-00C04F79EFBC}") = "LBPluginTemplate", "Plugins\LBPluginTemplate\LBPluginTemplate.csproj", "{0381938E-E261-48C0-B098-716E9EAE4D02}"
EndProject
Global
	GlobalSection(SolutionConfigurationPlatforms) = preSolution
		Debug|Any CPU = Debug|Any CPU
		Debug|x64 = Debug|x64
		Debug|x86 = Debug|x86
		Release|Any CPU = Release|Any CPU
		Release|x64 = Release|x64
		Release|x86 = Release|x86
	EndGlobalSection
	GlobalSection(ProjectConfigurationPlatforms) = postSolution
		{DA3CD129-9A83-4254-AC82-274EDF63CB1A}.Debug|Any CPU.ActiveCfg = Debug|Any CPU
		{DA3CD129-9A83-4254-AC82-274EDF63CB1A}.Debug|Any CPU.Build.0 = Debug|Any CPU
		{DA3CD129-9A83-4254-AC82-274EDF63CB1A}.Debug|x64.ActiveCfg = Debug|Any CPU
		{DA3CD129-9A83-4254-AC82-274EDF63CB1A}.Debug|x64.Build.0 = Debug|Any CPU
		{DA3CD129-9A83-4254-AC82-274EDF63CB1A}.Debug|x86.ActiveCfg = Debug|x86
		{DA3CD129-9A83-4254-AC82-274EDF63CB1A}.Debug|x86.Build.0 = Debug|x86
		{DA3CD129-9A83-4254-AC82-274EDF63CB1A}.Release|Any CPU.ActiveCfg = Release|Any CPU
		{DA3CD129-9A83-4254-AC82-274EDF63CB1A}.Release|Any CPU.Build.0 = Release|Any CPU
		{DA3CD129-9A83-4254-AC82-274EDF63CB1A}.Release|x64.ActiveCfg = Release|Any CPU
		{DA3CD129-9A83-4254-AC82-274EDF63CB1A}.Release|x64.Build.0 = Release|Any CPU
		{DA3CD129-9A83-4254-AC82-274EDF63CB1A}.Release|x86.ActiveCfg = Release|x86
		{DA3CD129-9A83-4254-AC82-274EDF63CB1A}.Release|x86.Build.0 = Release|x86
		{5859DE14-9C64-4EF6-A16F-16DB8D6724CD}.Debug|Any CPU.ActiveCfg = Debug|Any CPU
		{5859DE14-9C64-4EF6-A16F-16DB8D6724CD}.Debug|Any CPU.Build.0 = Debug|Any CPU
		{5859DE14-9C64-4EF6-A16F-16DB8D6724CD}.Debug|x64.ActiveCfg = Debug|Any CPU
		{5859DE14-9C64-4EF6-A16F-16DB8D6724CD}.Debug|x64.Build.0 = Debug|Any CPU
		{5859DE14-9C64-4EF6-A16F-16DB8D6724CD}.Debug|x86.ActiveCfg = Debug|Any CPU
		{5859DE14-9C64-4EF6-A16F-16DB8D6724CD}.Debug|x86.Build.0 = Debug|Any CPU
		{5859DE14-9C64-4EF6-A16F-16DB8D6724CD}.Release|Any CPU.ActiveCfg = Release|Any CPU
		{5859DE14-9C64-4EF6-A16F-16DB8D6724CD}.Release|Any CPU.Build.0 = Release|Any CPU
		{5859DE14-9C64-4EF6-A16F-16DB8D6724CD}.Release|x64.ActiveCfg = Release|Any CPU
		{5859DE14-9C64-4EF6-A16F-16DB8D6724CD}.Release|x64.Build.0 = Release|Any CPU
		{5859DE14-9C64-4EF6-A16F-16DB8D6724CD}.Release|x86.ActiveCfg = Release|Any CPU
		{5859DE14-9C64-4EF6-A16F-16DB8D6724CD}.Release|x86.Build.0 = Release|Any CPU
		{521929DC-7CAD-4CEE-BC99-F3A41E5E397C}.Debug|Any CPU.ActiveCfg = Debug|Any CPU
		{521929DC-7CAD-4CEE-BC99-F3A41E5E397C}.Debug|Any CPU.Build.0 = Debug|Any CPU
		{521929DC-7CAD-4CEE-BC99-F3A41E5E397C}.Debug|x64.ActiveCfg = Debug|Any CPU
		{521929DC-7CAD-4CEE-BC99-F3A41E5E397C}.Debug|x64.Build.0 = Debug|Any CPU
		{521929DC-7CAD-4CEE-BC99-F3A41E5E397C}.Debug|x86.ActiveCfg = Debug|Any CPU
		{521929DC-7CAD-4CEE-BC99-F3A41E5E397C}.Debug|x86.Build.0 = Debug|Any CPU
		{521929DC-7CAD-4CEE-BC99-F3A41E5E397C}.Release|Any CPU.ActiveCfg = Release|Any CPU
		{521929DC-7CAD-4CEE-BC99-F3A41E5E397C}.Release|Any CPU.Build.0 = Release|Any CPU
		{521929DC-7CAD-4CEE-BC99-F3A41E5E397C}.Release|x64.ActiveCfg = Release|Any CPU
		{521929DC-7CAD-4CEE-BC99-F3A41E5E397C}.Release|x64.Build.0 = Release|Any CPU
		{521929DC-7CAD-4CEE-BC99-F3A41E5E397C}.Release|x86.ActiveCfg = Release|Any CPU
		{521929DC-7CAD-4CEE-BC99-F3A41E5E397C}.Release|x86.Build.0 = Release|Any CPU
		{276061EF-202D-4750-B7BF-52EA5FA55ED9}.Debug|Any CPU.ActiveCfg = Debug|Any CPU
		{276061EF-202D-4750-B7BF-52EA5FA55ED9}.Debug|Any CPU.Build.0 = Debug|Any CPU
		{276061EF-202D-4750-B7BF-52EA5FA55ED9}.Debug|x64.ActiveCfg = Debug|Any CPU
		{276061EF-202D-4750-B7BF-52EA5FA55ED9}.Debug|x64.Build.0 = Debug|Any CPU
		{276061EF-202D-4750-B7BF-52EA5FA55ED9}.Debug|x86.ActiveCfg = Debug|Any CPU
		{276061EF-202D-4750-B7BF-52EA5FA55ED9}.Debug|x86.Build.0 = Debug|Any CPU
		{276061EF-202D-4750-B7BF-52EA5FA55ED9}.Release|Any CPU.ActiveCfg = Release|Any CPU
		{276061EF-202D-4750-B7BF-52EA5FA55ED9}.Release|Any CPU.Build.0 = Release|Any CPU
		{276061EF-202D-4750-B7BF-52EA5FA55ED9}.Release|x64.ActiveCfg = Release|Any CPU
		{276061EF-202D-4750-B7BF-52EA5FA55ED9}.Release|x64.Build.0 = Release|Any CPU
		{276061EF-202D-4750-B7BF-52EA5FA55ED9}.Release|x86.ActiveCfg = Release|Any CPU
		{276061EF-202D-4750-B7BF-52EA5FA55ED9}.Release|x86.Build.0 = Release|Any CPU
		{0381938E-E261-48C0-B098-716E9EAE4D02}.Debug|Any CPU.ActiveCfg = Debug|Any CPU
		{0381938E-E261-48C0-B098-716E9EAE4D02}.Debug|Any CPU.Build.0 = Debug|Any CPU
		{0381938E-E261-48C0-B098-716E9EAE4D02}.Debug|x64.ActiveCfg = Debug|Any CPU
		{0381938E-E261-48C0-B098-716E9EAE4D02}.Debug|x64.Build.0 = Debug|Any CPU
		{0381938E-E261-48C0-B098-716E9EAE4D02}.Debug|x86.ActiveCfg = Debug|Any CPU
		{0381938E-E261-48C0-B098-716E9EAE4D02}.Debug|x86.Build.0 = Debug|Any CPU
		{0381938E-E261-48C0-B098-716E9EAE4D02}.Release|Any CPU.ActiveCfg = Release|Any CPU
		{0381938E-E261-48C0-B098-716E9EAE4D02}.Release|Any CPU.Build.0 = Release|Any CPU
		{0381938E-E261-48C0-B098-716E9EAE4D02}.Release|x64.ActiveCfg = Release|Any CPU
		{0381938E-E261-48C0-B098-716E9EAE4D02}.Release|x64.Build.0 = Release|Any CPU
		{0381938E-E261-48C0-B098-716E9EAE4D02}.Release|x86.ActiveCfg = Release|Any CPU
		{0381938E-E261-48C0-B098-716E9EAE4D02}.Release|x86.Build.0 = Release|Any CPU
	EndGlobalSection
	GlobalSection(SolutionProperties) = preSolution
		HideSolutionNode = FALSE
	EndGlobalSection
	GlobalSection(NestedProjects) = preSolution
		{AA506F83-ED5F-4492-BCBD-43852ABE445C} = {32978191-907B-4139-92FD-A7ADA1B15256}
		{276061EF-202D-4750-B7BF-52EA5FA55ED9} = {07186744-D472-4281-AE56-EA3E50616FC6}
		{0381938E-E261-48C0-B098-716E9EAE4D02} = {07186744-D472-4281-AE56-EA3E50616FC6}
	EndGlobalSection
	GlobalSection(ExtensibilityGlobals) = postSolution
		SolutionGuid = {B3CD33ED-79D5-46F5-8AA8-F81376EE17C4}
	EndGlobalSection
EndGlobal
