
Microsoft Visual Studio Solution File, Format Version 12.00
# Visual Studio 14
VisualStudioVersion = 14.0.23107.0
MinimumVisualStudioVersion = 10.0.40219.1
Project("{FAE04EC0-301F-11D3-BF4B-00C04F79EFBC}") = "Gw2 Launchbuddy", "Gw2 Launchbuddy\Gw2 Launchbuddy.csproj", "{DA3CD129-9A83-4254-AC82-274EDF63CB1A}"
EndProject
Global
	GlobalSection(SolutionConfigurationPlatforms) = preSolution
		Debug|Any CPU = Debug|Any CPU
		Release|Any CPU = Release|Any CPU
	EndGlobalSection
	GlobalSection(ProjectConfigurationPlatforms) = postSolution
		{DA3CD129-9A83-4254-AC82-274EDF63CB1A}.Debug|Any CPU.ActiveCfg = Debug|Any CPU
		{DA3CD129-9A83-4254-AC82-274EDF63CB1A}.Debug|Any CPU.Build.0 = Debug|Any CPU
		{DA3CD129-9A83-4254-AC82-274EDF63CB1A}.Release|Any CPU.ActiveCfg = Release|Any CPU
		{DA3CD129-9A83-4254-AC82-274EDF63CB1A}.Release|Any CPU.Build.0 = Release|Any CPU
	EndGlobalSection
	GlobalSection(SolutionProperties) = preSolution
		HideSolutionNode = FALSE
	EndGlobalSection
EndGlobal
